
Microsoft Visual Studio Solution File, Format Version 12.00
# Visual Studio 15
VisualStudioVersion = 15.0.28307.168
MinimumVisualStudioVersion = 10.0.40219.1
Project("{FAE04EC0-301F-11D3-BF4B-00C04F79EFBC}") = "prototype_p2p", "prototype_p2p\prototype_p2p.csproj", "{F80A5432-E079-4BA2-9494-2262C5967CD0}"
EndProject
Global
	GlobalSection(SolutionConfigurationPlatforms) = preSolution
		Debug|Any CPU = Debug|Any CPU
		Release|Any CPU = Release|Any CPU
	EndGlobalSection
	GlobalSection(ProjectConfigurationPlatforms) = postSolution
		{F80A5432-E079-4BA2-9494-2262C5967CD0}.Debug|Any CPU.ActiveCfg = Debug|Any CPU
		{F80A5432-E079-4BA2-9494-2262C5967CD0}.Debug|Any CPU.Build.0 = Debug|Any CPU
		{F80A5432-E079-4BA2-9494-2262C5967CD0}.Release|Any CPU.ActiveCfg = Release|Any CPU
		{F80A5432-E079-4BA2-9494-2262C5967CD0}.Release|Any CPU.Build.0 = Release|Any CPU
	EndGlobalSection
	GlobalSection(SolutionProperties) = preSolution
		HideSolutionNode = FALSE
	EndGlobalSection
	GlobalSection(ExtensibilityGlobals) = postSolution
		SolutionGuid = {2764754E-E533-4229-BCC3-F99BA18F25F9}
	EndGlobalSection
EndGlobal
